
Microsoft Visual Studio Solution File, Format Version 12.00
# Visual Studio Version 17
VisualStudioVersion = 17.5.33502.453
MinimumVisualStudioVersion = 10.0.40219.1
Project("{FAE04EC0-301F-11D3-BF4B-00C04F79EFBC}") = "CarpentryWorkshopAPI", "CarpentryWorkshopAPI\CarpentryWorkshopAPI.csproj", "{D39DCE4D-A17A-49FE-BCD0-049DEAC7C75A}"
EndProject
Global
	GlobalSection(SolutionConfigurationPlatforms) = preSolution
		Debug|Any CPU = Debug|Any CPU
		Release|Any CPU = Release|Any CPU
	EndGlobalSection
	GlobalSection(ProjectConfigurationPlatforms) = postSolution
		{D39DCE4D-A17A-49FE-BCD0-049DEAC7C75A}.Debug|Any CPU.ActiveCfg = Debug|Any CPU
		{D39DCE4D-A17A-49FE-BCD0-049DEAC7C75A}.Debug|Any CPU.Build.0 = Debug|Any CPU
		{D39DCE4D-A17A-49FE-BCD0-049DEAC7C75A}.Release|Any CPU.ActiveCfg = Release|Any CPU
		{D39DCE4D-A17A-49FE-BCD0-049DEAC7C75A}.Release|Any CPU.Build.0 = Release|Any CPU
	EndGlobalSection
	GlobalSection(SolutionProperties) = preSolution
		HideSolutionNode = FALSE
	EndGlobalSection
	GlobalSection(ExtensibilityGlobals) = postSolution
		SolutionGuid = {EC51BB62-2CA7-4FE2-9481-FBD97005B5F9}
	EndGlobalSection
EndGlobal
